{
  "name": "wx-sensitive-detection",
  "version": "1.0.0",
  "lockfileVersion": 3,
  "requires": true,
  "packages": {
    "": {
      "name": "wx-sensitive-detection",
      "version": "1.0.0",
      "license": "MIT",
      "dependencies": {
        "wx-sensitive-detection": "^1.0.0"
      }
    },
    "node_modules/wx-sensitive-detection": {
      "version": "1.0.0",
      "resolved": "https://registry.npmmirror.com/wx-sensitive-detection/-/wx-sensitive-detection-1.0.0.tgz",
      "integrity": "sha512-IU3mHLxTrsHXl4zWvJVB7NDwf6jEAodvZao0bRMZgOqjDg+h3MM4IAgCZR8F33YaUAU7fhdnfOBOxfHis4gAGA==",
      "license": "MIT"
    }
  }
}
